// !$*UTF8*$!
{
	archiveVersion = 1;
	classes = {
	};
	objectVersion = 55;
	objects = {

/* Begin PBXBuildFile section */
		03AE371F7C854A16BF987679 /* Pods_AfterWork.framework in Frameworks */ = {isa = PBXBuildFile; fileRef = A58DDDC07D83E5A03F9769AD /* Pods_AfterWork.framework */; };
		4480DCD629F8C3BC008003C3 /* Category.swift in Sources */ = {isa = PBXBuildFile; fileRef = 4480DCD529F8C3BC008003C3 /* Category.swift */; };
		4480DCDE29F8C4AC008003C3 /* CategoryTests.swift in Sources */ = {isa = PBXBuildFile; fileRef = 4480DCDD29F8C4AC008003C3 /* CategoryTests.swift */; };
		5C00507D29CB4B4A00ACAB27 /* Keys.plist in Resources */ = {isa = PBXBuildFile; fileRef = 5C00507C29CB4B4A00ACAB27 /* Keys.plist */; };
		5C00508029CC5F0600ACAB27 /* MapDescViewPresenter.swift in Sources */ = {isa = PBXBuildFile; fileRef = 5C00507F29CC5F0600ACAB27 /* MapDescViewPresenter.swift */; };
		5C00508229CC5F1300ACAB27 /* MapDescViewController.swift in Sources */ = {isa = PBXBuildFile; fileRef = 5C00508129CC5F1300ACAB27 /* MapDescViewController.swift */; };
		5C740FCD29C8E94C00DB9A05 /* DataLoader.swift in Sources */ = {isa = PBXBuildFile; fileRef = 5C740FCC29C8E94C00DB9A05 /* DataLoader.swift */; };
		5C79C04E29A2CC0E00106F20 /* AppDelegate.swift in Sources */ = {isa = PBXBuildFile; fileRef = 5C79C04D29A2CC0E00106F20 /* AppDelegate.swift */; };
		5C79C05029A2CC0E00106F20 /* SceneDelegate.swift in Sources */ = {isa = PBXBuildFile; fileRef = 5C79C04F29A2CC0E00106F20 /* SceneDelegate.swift */; };
		5C79C05729A2CC0E00106F20 /* Assets.xcassets in Resources */ = {isa = PBXBuildFile; fileRef = 5C79C05629A2CC0E00106F20 /* Assets.xcassets */; };
		5C79C05A29A2CC0E00106F20 /* LaunchScreen.storyboard in Resources */ = {isa = PBXBuildFile; fileRef = 5C79C05829A2CC0E00106F20 /* LaunchScreen.storyboard */; };
		5C8B0BA229C1AFF80045F7BD /* InterfaceExt.swift in Sources */ = {isa = PBXBuildFile; fileRef = 5C8B0BA129C1AFF80045F7BD /* InterfaceExt.swift */; };
		5C8B0BA529C1B3D80045F7BD /* CardsViewPresenter.swift in Sources */ = {isa = PBXBuildFile; fileRef = 5C8B0BA429C1B3D80045F7BD /* CardsViewPresenter.swift */; };
		5C8B0BA729C1B3E20045F7BD /* CardsViewController.swift in Sources */ = {isa = PBXBuildFile; fileRef = 5C8B0BA629C1B3E20045F7BD /* CardsViewController.swift */; };
		5C8B0BAB29C1C98D0045F7BD /* Localizable.strings in Resources */ = {isa = PBXBuildFile; fileRef = 5C8B0BAD29C1C98D0045F7BD /* Localizable.strings */; };
		5C9A759E29EFCA4100551887 /* Cache.swift in Sources */ = {isa = PBXBuildFile; fileRef = 5C9A759D29EFCA4100551887 /* Cache.swift */; };
		5C9B9C9929BB4D9C0019DA8A /* ArtworkView.swift in Sources */ = {isa = PBXBuildFile; fileRef = 5C9B9C9829BB4D9C0019DA8A /* ArtworkView.swift */; };
		5C9B9C9B29C057290019DA8A /* AuthService.swift in Sources */ = {isa = PBXBuildFile; fileRef = 5C9B9C9A29C057290019DA8A /* AuthService.swift */; };
		5CC1C8F629E548390096BF64 /* GoogleService-Info.plist in Resources */ = {isa = PBXBuildFile; fileRef = 5CC1C8F529E548390096BF64 /* GoogleService-Info.plist */; };
		5CD20B5D29C894F300FB1BFF /* DI.swift in Sources */ = {isa = PBXBuildFile; fileRef = 5CD20B5C29C894F300FB1BFF /* DI.swift */; };
		5CEA164C29B0EC7700F89006 /* LoginViewPresenter.swift in Sources */ = {isa = PBXBuildFile; fileRef = 5CEA164B29B0EC7700F89006 /* LoginViewPresenter.swift */; };
		5CEA164E29B0EC8300F89006 /* LoginViewController.swift in Sources */ = {isa = PBXBuildFile; fileRef = 5CEA164D29B0EC8300F89006 /* LoginViewController.swift */; };
		5CEA165529B0ED1300F89006 /* MainViewPresenter.swift in Sources */ = {isa = PBXBuildFile; fileRef = 5CEA165429B0ED1300F89006 /* MainViewPresenter.swift */; };
		5CEA165729B0ED1F00F89006 /* MainViewController.swift in Sources */ = {isa = PBXBuildFile; fileRef = 5CEA165629B0ED1F00F89006 /* MainViewController.swift */; };
		5CEA166129B0ED7B00F89006 /* SettingsViewPresenter.swift in Sources */ = {isa = PBXBuildFile; fileRef = 5CEA166029B0ED7B00F89006 /* SettingsViewPresenter.swift */; };
		5CEA166329B0ED8F00F89006 /* MapViewPresenter.swift in Sources */ = {isa = PBXBuildFile; fileRef = 5CEA166229B0ED8F00F89006 /* MapViewPresenter.swift */; };
		5CEA166529B0ED9800F89006 /* MapViewController.swift in Sources */ = {isa = PBXBuildFile; fileRef = 5CEA166429B0ED9800F89006 /* MapViewController.swift */; };
		5CEA166929B0EDAF00F89006 /* SettingsViewController.swift in Sources */ = {isa = PBXBuildFile; fileRef = 5CEA166829B0EDAF00F89006 /* SettingsViewController.swift */; };
		5CEA166D29B100A300F89006 /* Extensions.swift in Sources */ = {isa = PBXBuildFile; fileRef = 5CEA166C29B100A300F89006 /* Extensions.swift */; };
/* End PBXBuildFile section */

/* Begin PBXContainerItemProxy section */
		4480DCDF29F8C4AC008003C3 /* PBXContainerItemProxy */ = {
			isa = PBXContainerItemProxy;
			containerPortal = 5C79C04229A2CC0E00106F20 /* Project object */;
			proxyType = 1;
			remoteGlobalIDString = 5C79C04929A2CC0E00106F20;
			remoteInfo = AfterWork;
		};
/* End PBXContainerItemProxy section */

/* Begin PBXFileReference section */
		04FCA0DBEA835D320963FF76 /* Pods-AfterWork.release.xcconfig */ = {isa = PBXFileReference; includeInIndex = 1; lastKnownFileType = text.xcconfig; name = "Pods-AfterWork.release.xcconfig"; path = "Target Support Files/Pods-AfterWork/Pods-AfterWork.release.xcconfig"; sourceTree = "<group>"; };
		4480DCD529F8C3BC008003C3 /* Category.swift */ = {isa = PBXFileReference; lastKnownFileType = sourcecode.swift; path = Category.swift; sourceTree = "<group>"; };
		4480DCDB29F8C4AC008003C3 /* AfterWorkTests.xctest */ = {isa = PBXFileReference; explicitFileType = wrapper.cfbundle; includeInIndex = 0; path = AfterWorkTests.xctest; sourceTree = BUILT_PRODUCTS_DIR; };
		4480DCDD29F8C4AC008003C3 /* CategoryTests.swift */ = {isa = PBXFileReference; lastKnownFileType = sourcecode.swift; path = CategoryTests.swift; sourceTree = "<group>"; };
		51E646FFED6F174D7D120410 /* Pods-AfterWork.debug.xcconfig */ = {isa = PBXFileReference; includeInIndex = 1; lastKnownFileType = text.xcconfig; name = "Pods-AfterWork.debug.xcconfig"; path = "Target Support Files/Pods-AfterWork/Pods-AfterWork.debug.xcconfig"; sourceTree = "<group>"; };
		5C00507C29CB4B4A00ACAB27 /* Keys.plist */ = {isa = PBXFileReference; lastKnownFileType = text.plist.xml; path = Keys.plist; sourceTree = "<group>"; };
		5C00507F29CC5F0600ACAB27 /* MapDescViewPresenter.swift */ = {isa = PBXFileReference; lastKnownFileType = sourcecode.swift; path = MapDescViewPresenter.swift; sourceTree = "<group>"; };
		5C00508129CC5F1300ACAB27 /* MapDescViewController.swift */ = {isa = PBXFileReference; lastKnownFileType = sourcecode.swift; path = MapDescViewController.swift; sourceTree = "<group>"; };
		5C740FCC29C8E94C00DB9A05 /* DataLoader.swift */ = {isa = PBXFileReference; lastKnownFileType = sourcecode.swift; path = DataLoader.swift; sourceTree = "<group>"; };
		5C79C04A29A2CC0E00106F20 /* AfterWork.app */ = {isa = PBXFileReference; explicitFileType = wrapper.application; includeInIndex = 0; path = AfterWork.app; sourceTree = BUILT_PRODUCTS_DIR; };
		5C79C04D29A2CC0E00106F20 /* AppDelegate.swift */ = {isa = PBXFileReference; lastKnownFileType = sourcecode.swift; path = AppDelegate.swift; sourceTree = "<group>"; };
		5C79C04F29A2CC0E00106F20 /* SceneDelegate.swift */ = {isa = PBXFileReference; lastKnownFileType = sourcecode.swift; path = SceneDelegate.swift; sourceTree = "<group>"; };
		5C79C05629A2CC0E00106F20 /* Assets.xcassets */ = {isa = PBXFileReference; lastKnownFileType = folder.assetcatalog; path = Assets.xcassets; sourceTree = "<group>"; };
		5C79C05929A2CC0E00106F20 /* Base */ = {isa = PBXFileReference; lastKnownFileType = file.storyboard; name = Base; path = Base.lproj/LaunchScreen.storyboard; sourceTree = "<group>"; };
		5C79C05B29A2CC0E00106F20 /* Info.plist */ = {isa = PBXFileReference; lastKnownFileType = text.plist.xml; path = Info.plist; sourceTree = "<group>"; };
		5C8B0BA129C1AFF80045F7BD /* InterfaceExt.swift */ = {isa = PBXFileReference; lastKnownFileType = sourcecode.swift; path = InterfaceExt.swift; sourceTree = "<group>"; };
		5C8B0BA429C1B3D80045F7BD /* CardsViewPresenter.swift */ = {isa = PBXFileReference; lastKnownFileType = sourcecode.swift; path = CardsViewPresenter.swift; sourceTree = "<group>"; };
		5C8B0BA629C1B3E20045F7BD /* CardsViewController.swift */ = {isa = PBXFileReference; lastKnownFileType = sourcecode.swift; path = CardsViewController.swift; sourceTree = "<group>"; };
		5C8B0BA829C1C91A0045F7BD /* ru */ = {isa = PBXFileReference; lastKnownFileType = text.plist.strings; name = ru; path = ru.lproj/LaunchScreen.strings; sourceTree = "<group>"; };
		5C8B0BAC29C1C98D0045F7BD /* en */ = {isa = PBXFileReference; lastKnownFileType = text.plist.strings; name = en; path = en.lproj/Localizable.strings; sourceTree = "<group>"; };
		5C8B0BAE29C1C9920045F7BD /* ru */ = {isa = PBXFileReference; lastKnownFileType = text.plist.strings; name = ru; path = ru.lproj/Localizable.strings; sourceTree = "<group>"; };
		5C9A759D29EFCA4100551887 /* Cache.swift */ = {isa = PBXFileReference; lastKnownFileType = sourcecode.swift; path = Cache.swift; sourceTree = "<group>"; };
		5C9B9C9829BB4D9C0019DA8A /* ArtworkView.swift */ = {isa = PBXFileReference; lastKnownFileType = sourcecode.swift; path = ArtworkView.swift; sourceTree = "<group>"; };
		5C9B9C9A29C057290019DA8A /* AuthService.swift */ = {isa = PBXFileReference; lastKnownFileType = sourcecode.swift; path = AuthService.swift; sourceTree = "<group>"; };
		5CC1C8F229DC1FC50096BF64 /* AfterWork.entitlements */ = {isa = PBXFileReference; lastKnownFileType = text.plist.entitlements; path = AfterWork.entitlements; sourceTree = "<group>"; };
		5CC1C8F529E548390096BF64 /* GoogleService-Info.plist */ = {isa = PBXFileReference; fileEncoding = 4; lastKnownFileType = text.plist.xml; path = "GoogleService-Info.plist"; sourceTree = "<group>"; };
		5CD20B5C29C894F300FB1BFF /* DI.swift */ = {isa = PBXFileReference; lastKnownFileType = sourcecode.swift; path = DI.swift; sourceTree = "<group>"; };
		5CEA164B29B0EC7700F89006 /* LoginViewPresenter.swift */ = {isa = PBXFileReference; lastKnownFileType = sourcecode.swift; path = LoginViewPresenter.swift; sourceTree = "<group>"; };
		5CEA164D29B0EC8300F89006 /* LoginViewController.swift */ = {isa = PBXFileReference; lastKnownFileType = sourcecode.swift; path = LoginViewController.swift; sourceTree = "<group>"; };
		5CEA165429B0ED1300F89006 /* MainViewPresenter.swift */ = {isa = PBXFileReference; lastKnownFileType = sourcecode.swift; path = MainViewPresenter.swift; sourceTree = "<group>"; };
		5CEA165629B0ED1F00F89006 /* MainViewController.swift */ = {isa = PBXFileReference; lastKnownFileType = sourcecode.swift; path = MainViewController.swift; sourceTree = "<group>"; };
		5CEA166029B0ED7B00F89006 /* SettingsViewPresenter.swift */ = {isa = PBXFileReference; lastKnownFileType = sourcecode.swift; path = SettingsViewPresenter.swift; sourceTree = "<group>"; };
		5CEA166229B0ED8F00F89006 /* MapViewPresenter.swift */ = {isa = PBXFileReference; lastKnownFileType = sourcecode.swift; path = MapViewPresenter.swift; sourceTree = "<group>"; };
		5CEA166429B0ED9800F89006 /* MapViewController.swift */ = {isa = PBXFileReference; lastKnownFileType = sourcecode.swift; path = MapViewController.swift; sourceTree = "<group>"; };
		5CEA166829B0EDAF00F89006 /* SettingsViewController.swift */ = {isa = PBXFileReference; lastKnownFileType = sourcecode.swift; path = SettingsViewController.swift; sourceTree = "<group>"; };
		5CEA166C29B100A300F89006 /* Extensions.swift */ = {isa = PBXFileReference; lastKnownFileType = sourcecode.swift; path = Extensions.swift; sourceTree = "<group>"; };
		A58DDDC07D83E5A03F9769AD /* Pods_AfterWork.framework */ = {isa = PBXFileReference; explicitFileType = wrapper.framework; includeInIndex = 0; path = Pods_AfterWork.framework; sourceTree = BUILT_PRODUCTS_DIR; };
/* End PBXFileReference section */

/* Begin PBXFrameworksBuildPhase section */
		4480DCD829F8C4AC008003C3 /* Frameworks */ = {
			isa = PBXFrameworksBuildPhase;
			buildActionMask = 2147483647;
			files = (
			);
			runOnlyForDeploymentPostprocessing = 0;
		};
		5C79C04729A2CC0E00106F20 /* Frameworks */ = {
			isa = PBXFrameworksBuildPhase;
			buildActionMask = 2147483647;
			files = (
				03AE371F7C854A16BF987679 /* Pods_AfterWork.framework in Frameworks */,
			);
			runOnlyForDeploymentPostprocessing = 0;
		};
/* End PBXFrameworksBuildPhase section */

/* Begin PBXGroup section */
		043C4C7973DB497B3047BA87 /* Frameworks */ = {
			isa = PBXGroup;
			children = (
				A58DDDC07D83E5A03F9769AD /* Pods_AfterWork.framework */,
			);
			name = Frameworks;
			sourceTree = "<group>";
		};
		4480DCD429F8C3B2008003C3 /* Models */ = {
			isa = PBXGroup;
			children = (
				4480DCD529F8C3BC008003C3 /* Category.swift */,
			);
			path = Models;
			sourceTree = "<group>";
		};
		4480DCDC29F8C4AC008003C3 /* AfterWorkTests */ = {
			isa = PBXGroup;
			children = (
				4480DCDD29F8C4AC008003C3 /* CategoryTests.swift */,
			);
			path = AfterWorkTests;
			sourceTree = "<group>";
		};
		5C00507E29CC5EE500ACAB27 /* MapDesc */ = {
			isa = PBXGroup;
			children = (
				5C00507F29CC5F0600ACAB27 /* MapDescViewPresenter.swift */,
				5C00508129CC5F1300ACAB27 /* MapDescViewController.swift */,
			);
			path = MapDesc;
			sourceTree = "<group>";
		};
		5C740FCB29C8E8F600DB9A05 /* Extentions */ = {
			isa = PBXGroup;
			children = (
				5CEA166C29B100A300F89006 /* Extensions.swift */,
				5C8B0BA129C1AFF80045F7BD /* InterfaceExt.swift */,
			);
			path = Extentions;
			sourceTree = "<group>";
		};
		5C79C04129A2CC0E00106F20 = {
			isa = PBXGroup;
			children = (
				5C79C04C29A2CC0E00106F20 /* AfterWork */,
				4480DCDC29F8C4AC008003C3 /* AfterWorkTests */,
				5C79C04B29A2CC0E00106F20 /* Products */,
				BC1E22CB3A64F718854F022E /* Pods */,
				043C4C7973DB497B3047BA87 /* Frameworks */,
			);
			sourceTree = "<group>";
		};
		5C79C04B29A2CC0E00106F20 /* Products */ = {
			isa = PBXGroup;
			children = (
				5C79C04A29A2CC0E00106F20 /* AfterWork.app */,
				4480DCDB29F8C4AC008003C3 /* AfterWorkTests.xctest */,
			);
			name = Products;
			sourceTree = "<group>";
		};
		5C79C04C29A2CC0E00106F20 /* AfterWork */ = {
			isa = PBXGroup;
			children = (
				4480DCD429F8C3B2008003C3 /* Models */,
				5CC1C8F229DC1FC50096BF64 /* AfterWork.entitlements */,
				5C8B0BA329C1B3C20045F7BD /* Cards */,
				5CEA165329B0ECF800F89006 /* Settings */,
				5C00507E29CC5EE500ACAB27 /* MapDesc */,
				5CEA165229B0ECC300F89006 /* Map */,
				5CEA165129B0ECAF00F89006 /* Main */,
				5CEA164829B0EC3900F89006 /* Login */,
				5C79C04D29A2CC0E00106F20 /* AppDelegate.swift */,
				5C79C04F29A2CC0E00106F20 /* SceneDelegate.swift */,
				5C740FCB29C8E8F600DB9A05 /* Extentions */,
				5C9A759F29EFCA4C00551887 /* Data */,
				5CD20B5C29C894F300FB1BFF /* DI.swift */,
				5C9B9C9A29C057290019DA8A /* AuthService.swift */,
				5C79C05629A2CC0E00106F20 /* Assets.xcassets */,
				5C79C05829A2CC0E00106F20 /* LaunchScreen.storyboard */,
				5C79C05B29A2CC0E00106F20 /* Info.plist */,
				5CC1C8F529E548390096BF64 /* GoogleService-Info.plist */,
				5C00507C29CB4B4A00ACAB27 /* Keys.plist */,
				5C8B0BAD29C1C98D0045F7BD /* Localizable.strings */,
			);
			path = AfterWork;
			sourceTree = "<group>";
		};
		5C8B0BA329C1B3C20045F7BD /* Cards */ = {
			isa = PBXGroup;
			children = (
				5C8B0BA429C1B3D80045F7BD /* CardsViewPresenter.swift */,
				5C8B0BA629C1B3E20045F7BD /* CardsViewController.swift */,
			);
			path = Cards;
			sourceTree = "<group>";
		};
		5C9A759F29EFCA4C00551887 /* Data */ = {
			isa = PBXGroup;
			children = (
				5C9A759D29EFCA4100551887 /* Cache.swift */,
				5C740FCC29C8E94C00DB9A05 /* DataLoader.swift */,
			);
			path = Data;
			sourceTree = "<group>";
		};
		5CEA164829B0EC3900F89006 /* Login */ = {
			isa = PBXGroup;
			children = (
				5CEA164B29B0EC7700F89006 /* LoginViewPresenter.swift */,
				5CEA164D29B0EC8300F89006 /* LoginViewController.swift */,
			);
			path = Login;
			sourceTree = "<group>";
		};
		5CEA165129B0ECAF00F89006 /* Main */ = {
			isa = PBXGroup;
			children = (
				5CEA165429B0ED1300F89006 /* MainViewPresenter.swift */,
				5CEA165629B0ED1F00F89006 /* MainViewController.swift */,
			);
			path = Main;
			sourceTree = "<group>";
		};
		5CEA165229B0ECC300F89006 /* Map */ = {
			isa = PBXGroup;
			children = (
				5CEA166229B0ED8F00F89006 /* MapViewPresenter.swift */,
				5CEA166429B0ED9800F89006 /* MapViewController.swift */,
				5C9B9C9829BB4D9C0019DA8A /* ArtworkView.swift */,
			);
			path = Map;
			sourceTree = "<group>";
		};
		5CEA165329B0ECF800F89006 /* Settings */ = {
			isa = PBXGroup;
			children = (
				5CEA166029B0ED7B00F89006 /* SettingsViewPresenter.swift */,
				5CEA166829B0EDAF00F89006 /* SettingsViewController.swift */,
			);
			path = Settings;
			sourceTree = "<group>";
		};
		BC1E22CB3A64F718854F022E /* Pods */ = {
			isa = PBXGroup;
			children = (
				51E646FFED6F174D7D120410 /* Pods-AfterWork.debug.xcconfig */,
				04FCA0DBEA835D320963FF76 /* Pods-AfterWork.release.xcconfig */,
			);
			path = Pods;
			sourceTree = "<group>";
		};
/* End PBXGroup section */

/* Begin PBXNativeTarget section */
		4480DCDA29F8C4AC008003C3 /* AfterWorkTests */ = {
			isa = PBXNativeTarget;
			buildConfigurationList = 4480DCE129F8C4AC008003C3 /* Build configuration list for PBXNativeTarget "AfterWorkTests" */;
			buildPhases = (
				4480DCD729F8C4AC008003C3 /* Sources */,
				4480DCD829F8C4AC008003C3 /* Frameworks */,
				4480DCD929F8C4AC008003C3 /* Resources */,
			);
			buildRules = (
			);
			dependencies = (
				4480DCE029F8C4AC008003C3 /* PBXTargetDependency */,
			);
			name = AfterWorkTests;
			productName = AfterWorkTests;
			productReference = 4480DCDB29F8C4AC008003C3 /* AfterWorkTests.xctest */;
			productType = "com.apple.product-type.bundle.unit-test";
		};
		5C79C04929A2CC0E00106F20 /* AfterWork */ = {
			isa = PBXNativeTarget;
			buildConfigurationList = 5C79C05E29A2CC0E00106F20 /* Build configuration list for PBXNativeTarget "AfterWork" */;
			buildPhases = (
				B91C9FE2037A5ADDAAAED19D /* [CP] Check Pods Manifest.lock */,
				5C79C04629A2CC0E00106F20 /* Sources */,
				5C79C04729A2CC0E00106F20 /* Frameworks */,
				5C79C04829A2CC0E00106F20 /* Resources */,
				10F2A37BECAF3D1058AADAB3 /* [CP] Embed Pods Frameworks */,
			);
			buildRules = (
			);
			dependencies = (
			);
			name = AfterWork;
			productName = "Tinkoff Travel";
			productReference = 5C79C04A29A2CC0E00106F20 /* AfterWork.app */;
			productType = "com.apple.product-type.application";
		};
/* End PBXNativeTarget section */

/* Begin PBXProject section */
		5C79C04229A2CC0E00106F20 /* Project object */ = {
			isa = PBXProject;
			attributes = {
				BuildIndependentTargetsInParallel = 1;
				LastSwiftUpdateCheck = 1320;
				LastUpgradeCheck = 1420;
				TargetAttributes = {
					4480DCDA29F8C4AC008003C3 = {
						CreatedOnToolsVersion = 13.2.1;
						TestTargetID = 5C79C04929A2CC0E00106F20;
					};
					5C79C04929A2CC0E00106F20 = {
						CreatedOnToolsVersion = 14.2;
					};
				};
			};
			buildConfigurationList = 5C79C04529A2CC0E00106F20 /* Build configuration list for PBXProject "AfterWork" */;
			compatibilityVersion = "Xcode 13.0";
			developmentRegion = en;
			hasScannedForEncodings = 0;
			knownRegions = (
				en,
				Base,
				ru,
			);
			mainGroup = 5C79C04129A2CC0E00106F20;
			productRefGroup = 5C79C04B29A2CC0E00106F20 /* Products */;
			projectDirPath = "";
			projectRoot = "";
			targets = (
				5C79C04929A2CC0E00106F20 /* AfterWork */,
				4480DCDA29F8C4AC008003C3 /* AfterWorkTests */,
			);
		};
/* End PBXProject section */

/* Begin PBXResourcesBuildPhase section */
		4480DCD929F8C4AC008003C3 /* Resources */ = {
			isa = PBXResourcesBuildPhase;
			buildActionMask = 2147483647;
			files = (
			);
			runOnlyForDeploymentPostprocessing = 0;
		};
		5C79C04829A2CC0E00106F20 /* Resources */ = {
			isa = PBXResourcesBuildPhase;
			buildActionMask = 2147483647;
			files = (
				5C00507D29CB4B4A00ACAB27 /* Keys.plist in Resources */,
				5C79C05A29A2CC0E00106F20 /* LaunchScreen.storyboard in Resources */,
				5CC1C8F629E548390096BF64 /* GoogleService-Info.plist in Resources */,
				5C8B0BAB29C1C98D0045F7BD /* Localizable.strings in Resources */,
				5C79C05729A2CC0E00106F20 /* Assets.xcassets in Resources */,
			);
			runOnlyForDeploymentPostprocessing = 0;
		};
/* End PBXResourcesBuildPhase section */

/* Begin PBXShellScriptBuildPhase section */
		10F2A37BECAF3D1058AADAB3 /* [CP] Embed Pods Frameworks */ = {
			isa = PBXShellScriptBuildPhase;
			buildActionMask = 12;
			files = (
			);
			inputFileListPaths = (
				"${PODS_ROOT}/Target Support Files/Pods-AfterWork/Pods-AfterWork-frameworks-${CONFIGURATION}-input-files.xcfilelist",
			);
			name = "[CP] Embed Pods Frameworks";
			outputFileListPaths = (
				"${PODS_ROOT}/Target Support Files/Pods-AfterWork/Pods-AfterWork-frameworks-${CONFIGURATION}-output-files.xcfilelist",
			);
			runOnlyForDeploymentPostprocessing = 0;
			shellPath = /bin/sh;
			shellScript = "\"${PODS_ROOT}/Target Support Files/Pods-AfterWork/Pods-AfterWork-frameworks.sh\"\n";
			showEnvVarsInLog = 0;
		};
		B91C9FE2037A5ADDAAAED19D /* [CP] Check Pods Manifest.lock */ = {
			isa = PBXShellScriptBuildPhase;
			buildActionMask = 2147483647;
			files = (
			);
			inputFileListPaths = (
			);
			inputPaths = (
				"${PODS_PODFILE_DIR_PATH}/Podfile.lock",
				"${PODS_ROOT}/Manifest.lock",
			);
			name = "[CP] Check Pods Manifest.lock";
			outputFileListPaths = (
			);
			outputPaths = (
				"$(DERIVED_FILE_DIR)/Pods-AfterWork-checkManifestLockResult.txt",
			);
			runOnlyForDeploymentPostprocessing = 0;
			shellPath = /bin/sh;
			shellScript = "diff \"${PODS_PODFILE_DIR_PATH}/Podfile.lock\" \"${PODS_ROOT}/Manifest.lock\" > /dev/null\nif [ $? != 0 ] ; then\n    # print error to STDERR\n    echo \"error: The sandbox is not in sync with the Podfile.lock. Run 'pod install' or update your CocoaPods installation.\" >&2\n    exit 1\nfi\n# This output is used by Xcode 'outputs' to avoid re-running this script phase.\necho \"SUCCESS\" > \"${SCRIPT_OUTPUT_FILE_0}\"\n";
			showEnvVarsInLog = 0;
		};
/* End PBXShellScriptBuildPhase section */

/* Begin PBXSourcesBuildPhase section */
		4480DCD729F8C4AC008003C3 /* Sources */ = {
			isa = PBXSourcesBuildPhase;
			buildActionMask = 2147483647;
			files = (
				4480DCDE29F8C4AC008003C3 /* CategoryTests.swift in Sources */,
			);
			runOnlyForDeploymentPostprocessing = 0;
		};
		5C79C04629A2CC0E00106F20 /* Sources */ = {
			isa = PBXSourcesBuildPhase;
			buildActionMask = 2147483647;
			files = (
				5C8B0BA729C1B3E20045F7BD /* CardsViewController.swift in Sources */,
				5CEA165729B0ED1F00F89006 /* MainViewController.swift in Sources */,
				5C8B0BA229C1AFF80045F7BD /* InterfaceExt.swift in Sources */,
				5CEA166929B0EDAF00F89006 /* SettingsViewController.swift in Sources */,
				5C740FCD29C8E94C00DB9A05 /* DataLoader.swift in Sources */,
				5C79C04E29A2CC0E00106F20 /* AppDelegate.swift in Sources */,
				5CEA166529B0ED9800F89006 /* MapViewController.swift in Sources */,
				5C9A759E29EFCA4100551887 /* Cache.swift in Sources */,
				5CD20B5D29C894F300FB1BFF /* DI.swift in Sources */,
				5CEA166329B0ED8F00F89006 /* MapViewPresenter.swift in Sources */,
				5CEA165529B0ED1300F89006 /* MainViewPresenter.swift in Sources */,
				5C9B9C9B29C057290019DA8A /* AuthService.swift in Sources */,
				5C79C05029A2CC0E00106F20 /* SceneDelegate.swift in Sources */,
				5CEA166129B0ED7B00F89006 /* SettingsViewPresenter.swift in Sources */,
				5CEA164E29B0EC8300F89006 /* LoginViewController.swift in Sources */,
				5C00508229CC5F1300ACAB27 /* MapDescViewController.swift in Sources */,
				5C9B9C9929BB4D9C0019DA8A /* ArtworkView.swift in Sources */,
				5C00508029CC5F0600ACAB27 /* MapDescViewPresenter.swift in Sources */,
				5C8B0BA529C1B3D80045F7BD /* CardsViewPresenter.swift in Sources */,
				5CEA166D29B100A300F89006 /* Extensions.swift in Sources */,
				5CEA164C29B0EC7700F89006 /* LoginViewPresenter.swift in Sources */,
				4480DCD629F8C3BC008003C3 /* Category.swift in Sources */,
			);
			runOnlyForDeploymentPostprocessing = 0;
		};
/* End PBXSourcesBuildPhase section */

/* Begin PBXTargetDependency section */
		4480DCE029F8C4AC008003C3 /* PBXTargetDependency */ = {
			isa = PBXTargetDependency;
			target = 5C79C04929A2CC0E00106F20 /* AfterWork */;
			targetProxy = 4480DCDF29F8C4AC008003C3 /* PBXContainerItemProxy */;
		};
/* End PBXTargetDependency section */

/* Begin PBXVariantGroup section */
		5C79C05829A2CC0E00106F20 /* LaunchScreen.storyboard */ = {
			isa = PBXVariantGroup;
			children = (
				5C79C05929A2CC0E00106F20 /* Base */,
				5C8B0BA829C1C91A0045F7BD /* ru */,
			);
			name = LaunchScreen.storyboard;
			sourceTree = "<group>";
		};
		5C8B0BAD29C1C98D0045F7BD /* Localizable.strings */ = {
			isa = PBXVariantGroup;
			children = (
				5C8B0BAC29C1C98D0045F7BD /* en */,
				5C8B0BAE29C1C9920045F7BD /* ru */,
			);
			name = Localizable.strings;
			sourceTree = "<group>";
		};
/* End PBXVariantGroup section */

/* Begin XCBuildConfiguration section */
		4480DCE229F8C4AC008003C3 /* Debug */ = {
			isa = XCBuildConfiguration;
			buildSettings = {
				BUNDLE_LOADER = "$(TEST_HOST)";
				CLANG_CXX_LANGUAGE_STANDARD = "gnu++17";
				CLANG_CXX_LIBRARY = "libc++";
				CODE_SIGN_STYLE = Automatic;
				CURRENT_PROJECT_VERSION = 1;
				GENERATE_INFOPLIST_FILE = YES;
				IPHONEOS_DEPLOYMENT_TARGET = 15.2;
				MARKETING_VERSION = 1.0;
				PRODUCT_BUNDLE_IDENTIFIER = com.example.AfterWorkTests;
				PRODUCT_NAME = "$(TARGET_NAME)";
				SWIFT_EMIT_LOC_STRINGS = NO;
				SWIFT_VERSION = 5.0;
				TARGETED_DEVICE_FAMILY = "1,2";
				TEST_HOST = "$(BUILT_PRODUCTS_DIR)/AfterWork.app/AfterWork";
			};
			name = Debug;
		};
		4480DCE329F8C4AC008003C3 /* Release */ = {
			isa = XCBuildConfiguration;
			buildSettings = {
				BUNDLE_LOADER = "$(TEST_HOST)";
				CLANG_CXX_LANGUAGE_STANDARD = "gnu++17";
				CLANG_CXX_LIBRARY = "libc++";
				CODE_SIGN_STYLE = Automatic;
				CURRENT_PROJECT_VERSION = 1;
				GENERATE_INFOPLIST_FILE = YES;
				IPHONEOS_DEPLOYMENT_TARGET = 15.2;
				MARKETING_VERSION = 1.0;
				PRODUCT_BUNDLE_IDENTIFIER = com.example.AfterWorkTests;
				PRODUCT_NAME = "$(TARGET_NAME)";
				SWIFT_EMIT_LOC_STRINGS = NO;
				SWIFT_VERSION = 5.0;
				TARGETED_DEVICE_FAMILY = "1,2";
				TEST_HOST = "$(BUILT_PRODUCTS_DIR)/AfterWork.app/AfterWork";
			};
			name = Release;
		};
		5C79C05C29A2CC0E00106F20 /* Debug */ = {
			isa = XCBuildConfiguration;
			buildSettings = {
				ALWAYS_SEARCH_USER_PATHS = NO;
				CLANG_ANALYZER_LOCALIZABILITY_NONLOCALIZED = YES;
				CLANG_ANALYZER_NONNULL = YES;
				CLANG_ANALYZER_NUMBER_OBJECT_CONVERSION = YES_AGGRESSIVE;
				CLANG_CXX_LANGUAGE_STANDARD = "gnu++20";
				CLANG_ENABLE_MODULES = YES;
				CLANG_ENABLE_OBJC_ARC = YES;
				CLANG_ENABLE_OBJC_WEAK = YES;
				CLANG_WARN_BLOCK_CAPTURE_AUTORELEASING = YES;
				CLANG_WARN_BOOL_CONVERSION = YES;
				CLANG_WARN_COMMA = YES;
				CLANG_WARN_CONSTANT_CONVERSION = YES;
				CLANG_WARN_DEPRECATED_OBJC_IMPLEMENTATIONS = YES;
				CLANG_WARN_DIRECT_OBJC_ISA_USAGE = YES_ERROR;
				CLANG_WARN_DOCUMENTATION_COMMENTS = YES;
				CLANG_WARN_EMPTY_BODY = YES;
				CLANG_WARN_ENUM_CONVERSION = YES;
				CLANG_WARN_INFINITE_RECURSION = YES;
				CLANG_WARN_INT_CONVERSION = YES;
				CLANG_WARN_NON_LITERAL_NULL_CONVERSION = YES;
				CLANG_WARN_OBJC_IMPLICIT_RETAIN_SELF = YES;
				CLANG_WARN_OBJC_LITERAL_CONVERSION = YES;
				CLANG_WARN_OBJC_ROOT_CLASS = YES_ERROR;
				CLANG_WARN_QUOTED_INCLUDE_IN_FRAMEWORK_HEADER = YES;
				CLANG_WARN_RANGE_LOOP_ANALYSIS = YES;
				CLANG_WARN_STRICT_PROTOTYPES = YES;
				CLANG_WARN_SUSPICIOUS_MOVE = YES;
				CLANG_WARN_UNGUARDED_AVAILABILITY = YES_AGGRESSIVE;
				CLANG_WARN_UNREACHABLE_CODE = YES;
				CLANG_WARN__DUPLICATE_METHOD_MATCH = YES;
				COPY_PHASE_STRIP = NO;
				DEBUG_INFORMATION_FORMAT = dwarf;
				ENABLE_STRICT_OBJC_MSGSEND = YES;
				ENABLE_TESTABILITY = YES;
				GCC_C_LANGUAGE_STANDARD = gnu11;
				GCC_DYNAMIC_NO_PIC = NO;
				GCC_NO_COMMON_BLOCKS = YES;
				GCC_OPTIMIZATION_LEVEL = 0;
				GCC_PREPROCESSOR_DEFINITIONS = (
					"DEBUG=1",
					"$(inherited)",
				);
				GCC_WARN_64_TO_32_BIT_CONVERSION = YES;
				GCC_WARN_ABOUT_RETURN_TYPE = YES_ERROR;
				GCC_WARN_UNDECLARED_SELECTOR = YES;
				GCC_WARN_UNINITIALIZED_AUTOS = YES_AGGRESSIVE;
				GCC_WARN_UNUSED_FUNCTION = YES;
				GCC_WARN_UNUSED_VARIABLE = YES;
				IPHONEOS_DEPLOYMENT_TARGET = 15.0;
				MTL_ENABLE_DEBUG_INFO = INCLUDE_SOURCE;
				MTL_FAST_MATH = YES;
				ONLY_ACTIVE_ARCH = YES;
				SDKROOT = iphoneos;
				SWIFT_ACTIVE_COMPILATION_CONDITIONS = DEBUG;
				SWIFT_OPTIMIZATION_LEVEL = "-Onone";
			};
			name = Debug;
		};
		5C79C05D29A2CC0E00106F20 /* Release */ = {
			isa = XCBuildConfiguration;
			buildSettings = {
				ALWAYS_SEARCH_USER_PATHS = NO;
				CLANG_ANALYZER_LOCALIZABILITY_NONLOCALIZED = YES;
				CLANG_ANALYZER_NONNULL = YES;
				CLANG_ANALYZER_NUMBER_OBJECT_CONVERSION = YES_AGGRESSIVE;
				CLANG_CXX_LANGUAGE_STANDARD = "gnu++20";
				CLANG_ENABLE_MODULES = YES;
				CLANG_ENABLE_OBJC_ARC = YES;
				CLANG_ENABLE_OBJC_WEAK = YES;
				CLANG_WARN_BLOCK_CAPTURE_AUTORELEASING = YES;
				CLANG_WARN_BOOL_CONVERSION = YES;
				CLANG_WARN_COMMA = YES;
				CLANG_WARN_CONSTANT_CONVERSION = YES;
				CLANG_WARN_DEPRECATED_OBJC_IMPLEMENTATIONS = YES;
				CLANG_WARN_DIRECT_OBJC_ISA_USAGE = YES_ERROR;
				CLANG_WARN_DOCUMENTATION_COMMENTS = YES;
				CLANG_WARN_EMPTY_BODY = YES;
				CLANG_WARN_ENUM_CONVERSION = YES;
				CLANG_WARN_INFINITE_RECURSION = YES;
				CLANG_WARN_INT_CONVERSION = YES;
				CLANG_WARN_NON_LITERAL_NULL_CONVERSION = YES;
				CLANG_WARN_OBJC_IMPLICIT_RETAIN_SELF = YES;
				CLANG_WARN_OBJC_LITERAL_CONVERSION = YES;
				CLANG_WARN_OBJC_ROOT_CLASS = YES_ERROR;
				CLANG_WARN_QUOTED_INCLUDE_IN_FRAMEWORK_HEADER = YES;
				CLANG_WARN_RANGE_LOOP_ANALYSIS = YES;
				CLANG_WARN_STRICT_PROTOTYPES = YES;
				CLANG_WARN_SUSPICIOUS_MOVE = YES;
				CLANG_WARN_UNGUARDED_AVAILABILITY = YES_AGGRESSIVE;
				CLANG_WARN_UNREACHABLE_CODE = YES;
				CLANG_WARN__DUPLICATE_METHOD_MATCH = YES;
				COPY_PHASE_STRIP = NO;
				DEBUG_INFORMATION_FORMAT = "dwarf-with-dsym";
				ENABLE_NS_ASSERTIONS = NO;
				ENABLE_STRICT_OBJC_MSGSEND = YES;
				GCC_C_LANGUAGE_STANDARD = gnu11;
				GCC_NO_COMMON_BLOCKS = YES;
				GCC_WARN_64_TO_32_BIT_CONVERSION = YES;
				GCC_WARN_ABOUT_RETURN_TYPE = YES_ERROR;
				GCC_WARN_UNDECLARED_SELECTOR = YES;
				GCC_WARN_UNINITIALIZED_AUTOS = YES_AGGRESSIVE;
				GCC_WARN_UNUSED_FUNCTION = YES;
				GCC_WARN_UNUSED_VARIABLE = YES;
				IPHONEOS_DEPLOYMENT_TARGET = 15.0;
				MTL_ENABLE_DEBUG_INFO = NO;
				MTL_FAST_MATH = YES;
				SDKROOT = iphoneos;
				SWIFT_COMPILATION_MODE = wholemodule;
				SWIFT_OPTIMIZATION_LEVEL = "-O";
				VALIDATE_PRODUCT = YES;
			};
			name = Release;
		};
		5C79C05F29A2CC0E00106F20 /* Debug */ = {
			isa = XCBuildConfiguration;
			baseConfigurationReference = 51E646FFED6F174D7D120410 /* Pods-AfterWork.debug.xcconfig */;
			buildSettings = {
				ASSETCATALOG_COMPILER_APPICON_NAME = AppIcon;
				ASSETCATALOG_COMPILER_GLOBAL_ACCENT_COLOR_NAME = AccentColor;
				CODE_SIGN_ENTITLEMENTS = AfterWork/AfterWork.entitlements;
				CODE_SIGN_IDENTITY = "Apple Development";
				CODE_SIGN_STYLE = Automatic;
				CURRENT_PROJECT_VERSION = 7;
				DEVELOPMENT_TEAM = J2QUT68557;
				GENERATE_INFOPLIST_FILE = YES;
				INFOPLIST_FILE = AfterWork/Info.plist;
				INFOPLIST_KEY_CFBundleDisplayName = AfterWork;
				INFOPLIST_KEY_NSLocationAlwaysAndWhenInUseUsageDescription = TESTING;
				INFOPLIST_KEY_NSLocationAlwaysUsageDescription = "AppName(Demo App) would like to use your current location";
				INFOPLIST_KEY_NSLocationWhenInUseUsageDescription = "Just testing";
				INFOPLIST_KEY_UIApplicationSupportsIndirectInputEvents = YES;
				INFOPLIST_KEY_UILaunchStoryboardName = LaunchScreen;
				INFOPLIST_KEY_UIStatusBarHidden = YES;
				INFOPLIST_KEY_UISupportedInterfaceOrientations = UIInterfaceOrientationPortrait;
				INFOPLIST_KEY_UISupportedInterfaceOrientations_iPad = "UIInterfaceOrientationLandscapeLeft UIInterfaceOrientationLandscapeRight UIInterfaceOrientationPortrait UIInterfaceOrientationPortraitUpsideDown";
				IPHONEOS_DEPLOYMENT_TARGET = 15.0;
				LD_RUNPATH_SEARCH_PATHS = (
					"$(inherited)",
					"@executable_path/Frameworks",
				);
				MARKETING_VERSION = 0.0.5;
				PRODUCT_BUNDLE_IDENTIFIER = ru.parcode.AfterWork;
				PRODUCT_NAME = "$(TARGET_NAME)";
				PROVISIONING_PROFILE_SPECIFIER = "";
				SUPPORTED_PLATFORMS = "iphoneos iphonesimulator";
				SUPPORTS_MACCATALYST = NO;
				SUPPORTS_MAC_DESIGNED_FOR_IPHONE_IPAD = NO;
				SWIFT_EMIT_LOC_STRINGS = YES;
				SWIFT_VERSION = 5.0;
				TARGETED_DEVICE_FAMILY = 1;
			};
			name = Debug;
		};
		5C79C06029A2CC0E00106F20 /* Release */ = {
			isa = XCBuildConfiguration;
			baseConfigurationReference = 04FCA0DBEA835D320963FF76 /* Pods-AfterWork.release.xcconfig */;
			buildSettings = {
				ASSETCATALOG_COMPILER_APPICON_NAME = AppIcon;
				ASSETCATALOG_COMPILER_GLOBAL_ACCENT_COLOR_NAME = AccentColor;
				CODE_SIGN_ENTITLEMENTS = AfterWork/AfterWork.entitlements;
				CODE_SIGN_IDENTITY = "Apple Development";
				CODE_SIGN_STYLE = Automatic;
				CURRENT_PROJECT_VERSION = 7;
				DEVELOPMENT_TEAM = J2QUT68557;
				GENERATE_INFOPLIST_FILE = YES;
				INFOPLIST_FILE = AfterWork/Info.plist;
				INFOPLIST_KEY_CFBundleDisplayName = AfterWork;
				INFOPLIST_KEY_NSLocationAlwaysAndWhenInUseUsageDescription = TESTING;
				INFOPLIST_KEY_NSLocationAlwaysUsageDescription = "AppName(Demo App) would like to use your current location";
				INFOPLIST_KEY_NSLocationWhenInUseUsageDescription = "Just testing";
				INFOPLIST_KEY_UIApplicationSupportsIndirectInputEvents = YES;
				INFOPLIST_KEY_UILaunchStoryboardName = LaunchScreen;
				INFOPLIST_KEY_UIStatusBarHidden = YES;
				INFOPLIST_KEY_UISupportedInterfaceOrientations = UIInterfaceOrientationPortrait;
				INFOPLIST_KEY_UISupportedInterfaceOrientations_iPad = "UIInterfaceOrientationLandscapeLeft UIInterfaceOrientationLandscapeRight UIInterfaceOrientationPortrait UIInterfaceOrientationPortraitUpsideDown";
				IPHONEOS_DEPLOYMENT_TARGET = 15.0;
				LD_RUNPATH_SEARCH_PATHS = (
					"$(inherited)",
					"@executable_path/Frameworks",
				);
				MARKETING_VERSION = 0.0.5;
				PRODUCT_BUNDLE_IDENTIFIER = ru.parcode.AfterWork;
				PRODUCT_NAME = "$(TARGET_NAME)";
				PROVISIONING_PROFILE_SPECIFIER = "";
				SUPPORTED_PLATFORMS = "iphoneos iphonesimulator";
				SUPPORTS_MACCATALYST = NO;
				SUPPORTS_MAC_DESIGNED_FOR_IPHONE_IPAD = NO;
				SWIFT_EMIT_LOC_STRINGS = YES;
				SWIFT_VERSION = 5.0;
				TARGETED_DEVICE_FAMILY = 1;
			};
			name = Release;
		};
/* End XCBuildConfiguration section */

/* Begin XCConfigurationList section */
		4480DCE129F8C4AC008003C3 /* Build configuration list for PBXNativeTarget "AfterWorkTests" */ = {
			isa = XCConfigurationList;
			buildConfigurations = (
				4480DCE229F8C4AC008003C3 /* Debug */,
				4480DCE329F8C4AC008003C3 /* Release */,
			);
			defaultConfigurationIsVisible = 0;
			defaultConfigurationName = Release;
		};
		5C79C04529A2CC0E00106F20 /* Build configuration list for PBXProject "AfterWork" */ = {
			isa = XCConfigurationList;
			buildConfigurations = (
				5C79C05C29A2CC0E00106F20 /* Debug */,
				5C79C05D29A2CC0E00106F20 /* Release */,
			);
			defaultConfigurationIsVisible = 0;
			defaultConfigurationName = Release;
		};
		5C79C05E29A2CC0E00106F20 /* Build configuration list for PBXNativeTarget "AfterWork" */ = {
			isa = XCConfigurationList;
			buildConfigurations = (
				5C79C05F29A2CC0E00106F20 /* Debug */,
				5C79C06029A2CC0E00106F20 /* Release */,
			);
			defaultConfigurationIsVisible = 0;
			defaultConfigurationName = Release;
		};
/* End XCConfigurationList section */
	};
	rootObject = 5C79C04229A2CC0E00106F20 /* Project object */;
}
